// !$*UTF8*$!
{
	archiveVersion = 1;
	classes = {
	};
	objectVersion = 50;
	objects = {

/* Begin PBXBuildFile section */
		B3AE2CE723F1F39D00D67C34 /* AppDelegate.swift in Sources */ = {isa = PBXBuildFile; fileRef = B3AE2CE623F1F39D00D67C34 /* AppDelegate.swift */; };
		B3AE2CE923F1F39D00D67C34 /* ContentView.swift in Sources */ = {isa = PBXBuildFile; fileRef = B3AE2CE823F1F39D00D67C34 /* ContentView.swift */; };
		B3AE2CEB23F1F39E00D67C34 /* Assets.xcassets in Resources */ = {isa = PBXBuildFile; fileRef = B3AE2CEA23F1F39E00D67C34 /* Assets.xcassets */; };
		B3AE2CEE23F1F39F00D67C34 /* Preview Assets.xcassets in Resources */ = {isa = PBXBuildFile; fileRef = B3AE2CED23F1F39F00D67C34 /* Preview Assets.xcassets */; };
		B3AE2CF123F1F39F00D67C34 /* Main.storyboard in Resources */ = {isa = PBXBuildFile; fileRef = B3AE2CEF23F1F39F00D67C34 /* Main.storyboard */; };
		B3AE2CFA23F1F3C400D67C34 /* tnef.swift in Sources */ = {isa = PBXBuildFile; fileRef = B3AE2CF923F1F3C400D67C34 /* tnef.swift */; };
		B3AE2CFC23F26A2E00D67C34 /* mapi.swift in Sources */ = {isa = PBXBuildFile; fileRef = B3AE2CFB23F26A2E00D67C34 /* mapi.swift */; };
/* End PBXBuildFile section */

/* Begin PBXFileReference section */
		B3AE2CE323F1F39D00D67C34 /* TNEFDecode.app */ = {isa = PBXFileReference; explicitFileType = wrapper.application; includeInIndex = 0; path = TNEFDecode.app; sourceTree = BUILT_PRODUCTS_DIR; };
		B3AE2CE623F1F39D00D67C34 /* AppDelegate.swift */ = {isa = PBXFileReference; lastKnownFileType = sourcecode.swift; path = AppDelegate.swift; sourceTree = "<group>"; };
		B3AE2CE823F1F39D00D67C34 /* ContentView.swift */ = {isa = PBXFileReference; lastKnownFileType = sourcecode.swift; path = ContentView.swift; sourceTree = "<group>"; };
		B3AE2CEA23F1F39E00D67C34 /* Assets.xcassets */ = {isa = PBXFileReference; lastKnownFileType = folder.assetcatalog; path = Assets.xcassets; sourceTree = "<group>"; };
		B3AE2CED23F1F39F00D67C34 /* Preview Assets.xcassets */ = {isa = PBXFileReference; lastKnownFileType = folder.assetcatalog; path = "Preview Assets.xcassets"; sourceTree = "<group>"; };
		B3AE2CF023F1F39F00D67C34 /* Base */ = {isa = PBXFileReference; lastKnownFileType = file.storyboard; name = Base; path = Base.lproj/Main.storyboard; sourceTree = "<group>"; };
		B3AE2CF223F1F39F00D67C34 /* Info.plist */ = {isa = PBXFileReference; lastKnownFileType = text.plist.xml; path = Info.plist; sourceTree = "<group>"; };
		B3AE2CF323F1F39F00D67C34 /* TNEFDecode.entitlements */ = {isa = PBXFileReference; lastKnownFileType = text.plist.entitlements; path = TNEFDecode.entitlements; sourceTree = "<group>"; };
		B3AE2CF923F1F3C400D67C34 /* tnef.swift */ = {isa = PBXFileReference; lastKnownFileType = sourcecode.swift; path = tnef.swift; sourceTree = "<group>"; };
		B3AE2CFB23F26A2E00D67C34 /* mapi.swift */ = {isa = PBXFileReference; lastKnownFileType = sourcecode.swift; path = mapi.swift; sourceTree = "<group>"; };
/* End PBXFileReference section */

/* Begin PBXFrameworksBuildPhase section */
		B3AE2CE023F1F39D00D67C34 /* Frameworks */ = {
			isa = PBXFrameworksBuildPhase;
			buildActionMask = 2147483647;
			files = (
			);
			runOnlyForDeploymentPostprocessing = 0;
		};
/* End PBXFrameworksBuildPhase section */

/* Begin PBXGroup section */
		B3AE2CDA23F1F39D00D67C34 = {
			isa = PBXGroup;
			children = (
				B3AE2CE523F1F39D00D67C34 /* TNEFDecode */,
				B3AE2CE423F1F39D00D67C34 /* Products */,
			);
			sourceTree = "<group>";
		};
		B3AE2CE423F1F39D00D67C34 /* Products */ = {
			isa = PBXGroup;
			children = (
				B3AE2CE323F1F39D00D67C34 /* TNEFDecode.app */,
			);
			name = Products;
			sourceTree = "<group>";
		};
		B3AE2CE523F1F39D00D67C34 /* TNEFDecode */ = {
			isa = PBXGroup;
			children = (
				B3AE2CE623F1F39D00D67C34 /* AppDelegate.swift */,
				B3AE2CE823F1F39D00D67C34 /* ContentView.swift */,
				B3AE2CEA23F1F39E00D67C34 /* Assets.xcassets */,
				B3AE2CEF23F1F39F00D67C34 /* Main.storyboard */,
				B3AE2CF223F1F39F00D67C34 /* Info.plist */,
				B3AE2CF323F1F39F00D67C34 /* TNEFDecode.entitlements */,
				B3AE2CEC23F1F39F00D67C34 /* Preview Content */,
				B3AE2CF923F1F3C400D67C34 /* tnef.swift */,
				B3AE2CFB23F26A2E00D67C34 /* mapi.swift */,
			);
			path = TNEFDecode;
			sourceTree = "<group>";
		};
		B3AE2CEC23F1F39F00D67C34 /* Preview Content */ = {
			isa = PBXGroup;
			children = (
				B3AE2CED23F1F39F00D67C34 /* Preview Assets.xcassets */,
			);
			path = "Preview Content";
			sourceTree = "<group>";
		};
/* End PBXGroup section */

/* Begin PBXNativeTarget section */
		B3AE2CE223F1F39D00D67C34 /* TNEFDecode */ = {
			isa = PBXNativeTarget;
			buildConfigurationList = B3AE2CF623F1F39F00D67C34 /* Build configuration list for PBXNativeTarget "TNEFDecode" */;
			buildPhases = (
				B3AE2CDF23F1F39D00D67C34 /* Sources */,
				B3AE2CE023F1F39D00D67C34 /* Frameworks */,
				B3AE2CE123F1F39D00D67C34 /* Resources */,
			);
			buildRules = (
			);
			dependencies = (
			);
			name = TNEFDecode;
			productName = TNEFDecode;
			productReference = B3AE2CE323F1F39D00D67C34 /* TNEFDecode.app */;
			productType = "com.apple.product-type.application";
		};
/* End PBXNativeTarget section */

/* Begin PBXProject section */
		B3AE2CDB23F1F39D00D67C34 /* Project object */ = {
			isa = PBXProject;
			attributes = {
				LastSwiftUpdateCheck = 1120;
				LastUpgradeCheck = 1120;
				ORGANIZATIONNAME = "Preston Kemp";
				TargetAttributes = {
					B3AE2CE223F1F39D00D67C34 = {
						CreatedOnToolsVersion = 11.2.1;
					};
				};
			};
			buildConfigurationList = B3AE2CDE23F1F39D00D67C34 /* Build configuration list for PBXProject "TNEFDecode" */;
			compatibilityVersion = "Xcode 9.3";
			developmentRegion = en;
			hasScannedForEncodings = 0;
			knownRegions = (
				en,
				Base,
			);
			mainGroup = B3AE2CDA23F1F39D00D67C34;
			productRefGroup = B3AE2CE423F1F39D00D67C34 /* Products */;
			projectDirPath = "";
			projectRoot = "";
			targets = (
				B3AE2CE223F1F39D00D67C34 /* TNEFDecode */,
			);
		};
/* End PBXProject section */

/* Begin PBXResourcesBuildPhase section */
		B3AE2CE123F1F39D00D67C34 /* Resources */ = {
			isa = PBXResourcesBuildPhase;
			buildActionMask = 2147483647;
			files = (
				B3AE2CF123F1F39F00D67C34 /* Main.storyboard in Resources */,
				B3AE2CEE23F1F39F00D67C34 /* Preview Assets.xcassets in Resources */,
				B3AE2CEB23F1F39E00D67C34 /* Assets.xcassets in Resources */,
			);
			runOnlyForDeploymentPostprocessing = 0;
		};
/* End PBXResourcesBuildPhase section */

/* Begin PBXSourcesBuildPhase section */
		B3AE2CDF23F1F39D00D67C34 /* Sources */ = {
			isa = PBXSourcesBuildPhase;
			buildActionMask = 2147483647;
			files = (
				B3AE2CFC23F26A2E00D67C34 /* mapi.swift in Sources */,
				B3AE2CE923F1F39D00D67C34 /* ContentView.swift in Sources */,
				B3AE2CE723F1F39D00D67C34 /* AppDelegate.swift in Sources */,
				B3AE2CFA23F1F3C400D67C34 /* tnef.swift in Sources */,
			);
			runOnlyForDeploymentPostprocessing = 0;
		};
/* End PBXSourcesBuildPhase section */

/* Begin PBXVariantGroup section */
		B3AE2CEF23F1F39F00D67C34 /* Main.storyboard */ = {
			isa = PBXVariantGroup;
			children = (
				B3AE2CF023F1F39F00D67C34 /* Base */,
			);
			name = Main.storyboard;
			sourceTree = "<group>";
		};
/* End PBXVariantGroup section */

/* Begin XCBuildConfiguration section */
		B3AE2CF423F1F39F00D67C34 /* Debug */ = {
			isa = XCBuildConfiguration;
			buildSettings = {
				ALWAYS_SEARCH_USER_PATHS = NO;
				CLANG_ANALYZER_NONNULL = YES;
				CLANG_ANALYZER_NUMBER_OBJECT_CONVERSION = YES_AGGRESSIVE;
				CLANG_CXX_LANGUAGE_STANDARD = "gnu++14";
				CLANG_CXX_LIBRARY = "libc++";
				CLANG_ENABLE_MODULES = YES;
				CLANG_ENABLE_OBJC_ARC = YES;
				CLANG_ENABLE_OBJC_WEAK = YES;
				CLANG_WARN_BLOCK_CAPTURE_AUTORELEASING = YES;
				CLANG_WARN_BOOL_CONVERSION = YES;
				CLANG_WARN_COMMA = YES;
				CLANG_WARN_CONSTANT_CONVERSION = YES;
				CLANG_WARN_DEPRECATED_OBJC_IMPLEMENTATIONS = YES;
				CLANG_WARN_DIRECT_OBJC_ISA_USAGE = YES_ERROR;
				CLANG_WARN_DOCUMENTATION_COMMENTS = YES;
				CLANG_WARN_EMPTY_BODY = YES;
				CLANG_WARN_ENUM_CONVERSION = YES;
				CLANG_WARN_INFINITE_RECURSION = YES;
				CLANG_WARN_INT_CONVERSION = YES;
				CLANG_WARN_NON_LITERAL_NULL_CONVERSION = YES;
				CLANG_WARN_OBJC_IMPLICIT_RETAIN_SELF = YES;
				CLANG_WARN_OBJC_LITERAL_CONVERSION = YES;
				CLANG_WARN_OBJC_ROOT_CLASS = YES_ERROR;
				CLANG_WARN_RANGE_LOOP_ANALYSIS = YES;
				CLANG_WARN_STRICT_PROTOTYPES = YES;
				CLANG_WARN_SUSPICIOUS_MOVE = YES;
				CLANG_WARN_UNGUARDED_AVAILABILITY = YES_AGGRESSIVE;
				CLANG_WARN_UNREACHABLE_CODE = YES;
				CLANG_WARN__DUPLICATE_METHOD_MATCH = YES;
				COPY_PHASE_STRIP = NO;
				DEBUG_INFORMATION_FORMAT = dwarf;
				ENABLE_STRICT_OBJC_MSGSEND = YES;
				ENABLE_TESTABILITY = YES;
				GCC_C_LANGUAGE_STANDARD = gnu11;
				GCC_DYNAMIC_NO_PIC = NO;
				GCC_NO_COMMON_BLOCKS = YES;
				GCC_OPTIMIZATION_LEVEL = 0;
				GCC_PREPROCESSOR_DEFINITIONS = (
					"DEBUG=1",
					"$(inherited)",
				);
				GCC_WARN_64_TO_32_BIT_CONVERSION = YES;
				GCC_WARN_ABOUT_RETURN_TYPE = YES_ERROR;
				GCC_WARN_UNDECLARED_SELECTOR = YES;
				GCC_WARN_UNINITIALIZED_AUTOS = YES_AGGRESSIVE;
				GCC_WARN_UNUSED_FUNCTION = YES;
				GCC_WARN_UNUSED_VARIABLE = YES;
				MACOSX_DEPLOYMENT_TARGET = 10.15;
				MTL_ENABLE_DEBUG_INFO = INCLUDE_SOURCE;
				MTL_FAST_MATH = YES;
				ONLY_ACTIVE_ARCH = YES;
				SDKROOT = macosx;
				SWIFT_ACTIVE_COMPILATION_CONDITIONS = DEBUG;
				SWIFT_OPTIMIZATION_LEVEL = "-Onone";
			};
			name = Debug;
		};
		B3AE2CF523F1F39F00D67C34 /* Release */ = {
			isa = XCBuildConfiguration;
			buildSettings = {
				ALWAYS_SEARCH_USER_PATHS = NO;
				CLANG_ANALYZER_NONNULL = YES;
				CLANG_ANALYZER_NUMBER_OBJECT_CONVERSION = YES_AGGRESSIVE;
				CLANG_CXX_LANGUAGE_STANDARD = "gnu++14";
				CLANG_CXX_LIBRARY = "libc++";
				CLANG_ENABLE_MODULES = YES;
				CLANG_ENABLE_OBJC_ARC = YES;
				CLANG_ENABLE_OBJC_WEAK = YES;
				CLANG_WARN_BLOCK_CAPTURE_AUTORELEASING = YES;
				CLANG_WARN_BOOL_CONVERSION = YES;
				CLANG_WARN_COMMA = YES;
				CLANG_WARN_CONSTANT_CONVERSION = YES;
				CLANG_WARN_DEPRECATED_OBJC_IMPLEMENTATIONS = YES;
				CLANG_WARN_DIRECT_OBJC_ISA_USAGE = YES_ERROR;
				CLANG_WARN_DOCUMENTATION_COMMENTS = YES;
				CLANG_WARN_EMPTY_BODY = YES;
				CLANG_WARN_ENUM_CONVERSION = YES;
				CLANG_WARN_INFINITE_RECURSION = YES;
				CLANG_WARN_INT_CONVERSION = YES;
				CLANG_WARN_NON_LITERAL_NULL_CONVERSION = YES;
				CLANG_WARN_OBJC_IMPLICIT_RETAIN_SELF = YES;
				CLANG_WARN_OBJC_LITERAL_CONVERSION = YES;
				CLANG_WARN_OBJC_ROOT_CLASS = YES_ERROR;
				CLANG_WARN_RANGE_LOOP_ANALYSIS = YES;
				CLANG_WARN_STRICT_PROTOTYPES = YES;
				CLANG_WARN_SUSPICIOUS_MOVE = YES;
				CLANG_WARN_UNGUARDED_AVAILABILITY = YES_AGGRESSIVE;
				CLANG_WARN_UNREACHABLE_CODE = YES;
				CLANG_WARN__DUPLICATE_METHOD_MATCH = YES;
				COPY_PHASE_STRIP = NO;
				DEBUG_INFORMATION_FORMAT = "dwarf-with-dsym";
				ENABLE_NS_ASSERTIONS = NO;
				ENABLE_STRICT_OBJC_MSGSEND = YES;
				GCC_C_LANGUAGE_STANDARD = gnu11;
				GCC_NO_COMMON_BLOCKS = YES;
				GCC_WARN_64_TO_32_BIT_CONVERSION = YES;
				GCC_WARN_ABOUT_RETURN_TYPE = YES_ERROR;
				GCC_WARN_UNDECLARED_SELECTOR = YES;
				GCC_WARN_UNINITIALIZED_AUTOS = YES_AGGRESSIVE;
				GCC_WARN_UNUSED_FUNCTION = YES;
				GCC_WARN_UNUSED_VARIABLE = YES;
				MACOSX_DEPLOYMENT_TARGET = 10.15;
				MTL_ENABLE_DEBUG_INFO = NO;
				MTL_FAST_MATH = YES;
				SDKROOT = macosx;
				SWIFT_COMPILATION_MODE = wholemodule;
				SWIFT_OPTIMIZATION_LEVEL = "-O";
			};
			name = Release;
		};
		B3AE2CF723F1F39F00D67C34 /* Debug */ = {
			isa = XCBuildConfiguration;
			buildSettings = {
				ASSETCATALOG_COMPILER_APPICON_NAME = AppIcon;
				CODE_SIGN_ENTITLEMENTS = TNEFDecode/TNEFDecode.entitlements;
				CODE_SIGN_STYLE = Automatic;
				COMBINE_HIDPI_IMAGES = YES;
				DEVELOPMENT_ASSET_PATHS = "\"TNEFDecode/Preview Content\"";
				DEVELOPMENT_TEAM = YFH67JDUCU;
				ENABLE_HARDENED_RUNTIME = YES;
				ENABLE_PREVIEWS = YES;
				INFOPLIST_FILE = TNEFDecode/Info.plist;
				LD_RUNPATH_SEARCH_PATHS = (
					"$(inherited)",
					"@executable_path/../Frameworks",
				);
				MACOSX_DEPLOYMENT_TARGET = 10.15;
				PRODUCT_BUNDLE_IDENTIFIER = edu.nyu.appsec.TNEFDecode;
				PRODUCT_NAME = "$(TARGET_NAME)";
				SWIFT_VERSION = 5.0;
			};
			name = Debug;
		};
		B3AE2CF823F1F39F00D67C34 /* Release */ = {
			isa = XCBuildConfiguration;
			buildSettings = {
				ASSETCATALOG_COMPILER_APPICON_NAME = AppIcon;
				CODE_SIGN_ENTITLEMENTS = TNEFDecode/TNEFDecode.entitlements;
				CODE_SIGN_STYLE = Automatic;
				COMBINE_HIDPI_IMAGES = YES;
				DEVELOPMENT_ASSET_PATHS = "\"TNEFDecode/Preview Content\"";
				DEVELOPMENT_TEAM = YFH67JDUCU;
				ENABLE_HARDENED_RUNTIME = YES;
				ENABLE_PREVIEWS = YES;
				INFOPLIST_FILE = TNEFDecode/Info.plist;
				LD_RUNPATH_SEARCH_PATHS = (
					"$(inherited)",
					"@executable_path/../Frameworks",
				);
				MACOSX_DEPLOYMENT_TARGET = 10.15;
				PRODUCT_BUNDLE_IDENTIFIER = edu.nyu.appsec.TNEFDecode;
				PRODUCT_NAME = "$(TARGET_NAME)";
				SWIFT_VERSION = 5.0;
			};
			name = Release;
		};
/* End XCBuildConfiguration section */

/* Begin XCConfigurationList section */
		B3AE2CDE23F1F39D00D67C34 /* Build configuration list for PBXProject "TNEFDecode" */ = {
			isa = XCConfigurationList;
			buildConfigurations = (
				B3AE2CF423F1F39F00D67C34 /* Debug */,
				B3AE2CF523F1F39F00D67C34 /* Release */,
			);
			defaultConfigurationIsVisible = 0;
			defaultConfigurationName = Release;
		};
		B3AE2CF623F1F39F00D67C34 /* Build configuration list for PBXNativeTarget "TNEFDecode" */ = {
			isa = XCConfigurationList;
			buildConfigurations = (
				B3AE2CF723F1F39F00D67C34 /* Debug */,
				B3AE2CF823F1F39F00D67C34 /* Release */,
			);
			defaultConfigurationIsVisible = 0;
			defaultConfigurationName = Release;
		};
/* End XCConfigurationList section */
	};
	rootObject = B3AE2CDB23F1F39D00D67C34 /* Project object */;
}
